
Microsoft Visual Studio Solution File, Format Version 12.00
# Visual Studio Version 16
VisualStudioVersion = 16.0.31515.178
MinimumVisualStudioVersion = 10.0.40219.1
Project("{FAE04EC0-301F-11D3-BF4B-00C04F79EFBC}") = "InterPlanetaryProject", "InterPlanetaryProject.csproj", "{35C36CF4-CCA6-4166-A745-F4B38A4D5634}"
EndProject
Global
	GlobalSection(SolutionConfigurationPlatforms) = preSolution
		Debug|Any CPU = Debug|Any CPU
		Release|Any CPU = Release|Any CPU
	EndGlobalSection
	GlobalSection(ProjectConfigurationPlatforms) = postSolution
		{35C36CF4-CCA6-4166-A745-F4B38A4D5634}.Debug|Any CPU.ActiveCfg = Debug|Any CPU
		{35C36CF4-CCA6-4166-A745-F4B38A4D5634}.Debug|Any CPU.Build.0 = Debug|Any CPU
		{35C36CF4-CCA6-4166-A745-F4B38A4D5634}.Release|Any CPU.ActiveCfg = Release|Any CPU
		{35C36CF4-CCA6-4166-A745-F4B38A4D5634}.Release|Any CPU.Build.0 = Release|Any CPU
	EndGlobalSection
	GlobalSection(SolutionProperties) = preSolution
		HideSolutionNode = FALSE
	EndGlobalSection
	GlobalSection(ExtensibilityGlobals) = postSolution
		SolutionGuid = {0BBA192F-AB79-4613-92F5-A3C0290E9692}
	EndGlobalSection
EndGlobal
